
Microsoft Visual Studio Solution File, Format Version 12.00
# Visual Studio Version 16
VisualStudioVersion = 25.0.1705.4
MinimumVisualStudioVersion = 10.0.40219.1
Project("{FAE04EC0-301F-11D3-BF4B-00C04F79EFBC}") = "Travlr", "Travlr\Travlr.csproj", "{869926BF-0886-4A1A-BBD7-F59A7AB25DFA}"
EndProject
Global
	GlobalSection(SolutionConfigurationPlatforms) = preSolution
		Debug|Any CPU = Debug|Any CPU
		Release|Any CPU = Release|Any CPU
	EndGlobalSection
	GlobalSection(ProjectConfigurationPlatforms) = postSolution
		{869926BF-0886-4A1A-BBD7-F59A7AB25DFA}.Debug|Any CPU.ActiveCfg = Debug|Any CPU
		{869926BF-0886-4A1A-BBD7-F59A7AB25DFA}.Debug|Any CPU.Build.0 = Debug|Any CPU
		{869926BF-0886-4A1A-BBD7-F59A7AB25DFA}.Release|Any CPU.ActiveCfg = Release|Any CPU
		{869926BF-0886-4A1A-BBD7-F59A7AB25DFA}.Release|Any CPU.Build.0 = Release|Any CPU
	EndGlobalSection
	GlobalSection(SolutionProperties) = preSolution
		HideSolutionNode = FALSE
	EndGlobalSection
	GlobalSection(ExtensibilityGlobals) = postSolution
		SolutionGuid = {44BAB508-F15F-49E8-B2F1-DFB055CE1DA2}
	EndGlobalSection
EndGlobal
